// !$*UTF8*$!
{
	archiveVersion = 1;
	classes = {
	};
	objectVersion = 77;
	objects = {

/* Begin PBXBuildFile section */
		04A1B7F02B9F1E0000C88D1A /* VieApp.swift in Sources */ = {isa = PBXBuildFile; fileRef = 04A1B7EF2B9F1E0000C88D1A /* VieApp.swift */; };
		04A1B7F42B9F1E0100C88D1A /* Assets.xcassets in Resources */ = {isa = PBXBuildFile; fileRef = 04A1B7F32B9F1E0100C88D1A /* Assets.xcassets */; };
		04A1B7F72B9F1E0100C88D1A /* Preview Assets.xcassets in Resources */ = {isa = PBXBuildFile; fileRef = 04A1B7F62B9F1E0100C88D1A /* Preview Assets.xcassets */; };
		04A1B8012B9F1E5000C88D1A /* SplashScreen.swift in Sources */ = {isa = PBXBuildFile; fileRef = 04A1B8002B9F1E5000C88D1A /* SplashScreen.swift */; };
		04A1B8032B9F1E6000C88D1A /* WelcomeScreen.swift in Sources */ = {isa = PBXBuildFile; fileRef = 04A1B8022B9F1E6000C88D1A /* WelcomeScreen.swift */; };
		04A1B8052B9F1E7000C88D1A /* DashboardScreen.swift in Sources */ = {isa = PBXBuildFile; fileRef = 04A1B8042B9F1E7000C88D1A /* DashboardScreen.swift */; };
		04A1B8072B9F1E8000C88D1A /* FinancialModel.swift in Sources */ = {isa = PBXBuildFile; fileRef = 04A1B8062B9F1E8000C88D1A /* FinancialModel.swift */; };
		04A1B8092B9F1E9000C88D1A /* AllViews.swift in Sources */ = {isa = PBXBuildFile; fileRef = 04A1B8082B9F1E9000C88D1A /* AllViews.swift */; };
		04A1B80B2B9F1EA000C88D1A /* AssetValueView.swift in Sources */ = {isa = PBXBuildFile; fileRef = 04A1B80A2B9F1EA000C88D1A /* AssetValueView.swift */; };
		04A1B80D2B9F1EB000C88D1A /* HomeTabView.swift in Sources */ = {isa = PBXBuildFile; fileRef = 04A1B80C2B9F1EB000C88D1A /* HomeTabView.swift */; };
		04A1B80F2B9F1EC000C88D1A /* ImportViews.swift in Sources */ = {isa = PBXBuildFile; fileRef = 04A1B80E2B9F1EC000C88D1A /* ImportViews.swift */; };
		04A1B8112B9F1ED000C88D1A /* ProjectionViews.swift in Sources */ = {isa = PBXBuildFile; fileRef = 04A1B8102B9F1ED000C88D1A /* ProjectionViews.swift */; };
		04A1B8132B9F1EE000C88D1A /* RemainingViews.swift in Sources */ = {isa = PBXBuildFile; fileRef = 04A1B8122B9F1EE000C88D1A /* RemainingViews.swift */; };
		04A1B8152B9F1EF000C88D1A /* TabViews.swift in Sources */ = {isa = PBXBuildFile; fileRef = 04A1B8142B9F1EF000C88D1A /* TabViews.swift */; };
		04A1B8172B9F1F0000C88D1A /* Views.swift in Sources */ = {isa = PBXBuildFile; fileRef = 04A1B8162B9F1F0000C88D1A /* Views.swift */; };
/* End PBXBuildFile section */

/* Begin PBXFileReference section */
		04A1B7EC2B9F1E0000C88D1A /* VieApp.app */ = {isa = PBXFileReference; explicitFileType = wrapper.application; includeInIndex = 0; path = VieApp.app; sourceTree = BUILT_PRODUCTS_DIR; };
		04A1B7EF2B9F1E0000C88D1A /* VieApp.swift */ = {isa = PBXFileReference; lastKnownFileType = sourcecode.swift; path = VieApp.swift; sourceTree = "<group>"; };
		04A1B7F32B9F1E0100C88D1A /* Assets.xcassets */ = {isa = PBXFileReference; lastKnownFileType = folder.assetcatalog; path = Assets.xcassets; sourceTree = "<group>"; };
		04A1B7F62B9F1E0100C88D1A /* Preview Assets.xcassets */ = {isa = PBXFileReference; lastKnownFileType = folder.assetcatalog; path = "Preview Assets.xcassets"; sourceTree = "<group>"; };
		04A1B8002B9F1E5000C88D1A /* SplashScreen.swift */ = {isa = PBXFileReference; lastKnownFileType = sourcecode.swift; path = SplashScreen.swift; sourceTree = "<group>"; };
		04A1B8022B9F1E6000C88D1A /* WelcomeScreen.swift */ = {isa = PBXFileReference; lastKnownFileType = sourcecode.swift; path = WelcomeScreen.swift; sourceTree = "<group>"; };
		04A1B8042B9F1E7000C88D1A /* DashboardScreen.swift */ = {isa = PBXFileReference; lastKnownFileType = sourcecode.swift; path = DashboardScreen.swift; sourceTree = "<group>"; };
		04A1B8062B9F1E8000C88D1A /* FinancialModel.swift */ = {isa = PBXFileReference; lastKnownFileType = sourcecode.swift; path = FinancialModel.swift; sourceTree = "<group>"; };
		04A1B8082B9F1E9000C88D1A /* AllViews.swift */ = {isa = PBXFileReference; lastKnownFileType = sourcecode.swift; path = AllViews.swift; sourceTree = "<group>"; };
		04A1B80A2B9F1EA000C88D1A /* AssetValueView.swift */ = {isa = PBXFileReference; lastKnownFileType = sourcecode.swift; path = AssetValueView.swift; sourceTree = "<group>"; };
		04A1B80C2B9F1EB000C88D1A /* HomeTabView.swift */ = {isa = PBXFileReference; lastKnownFileType = sourcecode.swift; path = HomeTabView.swift; sourceTree = "<group>"; };
		04A1B80E2B9F1EC000C88D1A /* ImportViews.swift */ = {isa = PBXFileReference; lastKnownFileType = sourcecode.swift; path = ImportViews.swift; sourceTree = "<group>"; };
		04A1B8102B9F1ED000C88D1A /* ProjectionViews.swift */ = {isa = PBXFileReference; lastKnownFileType = sourcecode.swift; path = ProjectionViews.swift; sourceTree = "<group>"; };
		04A1B8122B9F1EE000C88D1A /* RemainingViews.swift */ = {isa = PBXFileReference; lastKnownFileType = sourcecode.swift; path = RemainingViews.swift; sourceTree = "<group>"; };
		04A1B8142B9F1EF000C88D1A /* TabViews.swift */ = {isa = PBXFileReference; lastKnownFileType = sourcecode.swift; path = TabViews.swift; sourceTree = "<group>"; };
		04A1B8162B9F1F0000C88D1A /* Views.swift */ = {isa = PBXFileReference; lastKnownFileType = sourcecode.swift; path = Views.swift; sourceTree = "<group>"; };
		27C064B02DA435F900CCA79B /* VieApp.entitlements */ = {isa = PBXFileReference; lastKnownFileType = text.plist.entitlements; path = VieApp.entitlements; sourceTree = "<group>"; };
/* End PBXFileReference section */

/* Begin PBXFrameworksBuildPhase section */
		04A1B7E92B9F1E0000C88D1A /* Frameworks */ = {
			isa = PBXFrameworksBuildPhase;
			buildActionMask = 2147483647;
			files = (
			);
			runOnlyForDeploymentPostprocessing = 0;
		};
/* End PBXFrameworksBuildPhase section */

/* Begin PBXGroup section */
		04A1B7E32B9F1E0000C88D1A = {
			isa = PBXGroup;
			children = (
				04A1B7EE2B9F1E0000C88D1A /* VieApp */,
				04A1B7ED2B9F1E0000C88D1A /* Products */,
			);
			sourceTree = "<group>";
		};
		04A1B7ED2B9F1E0000C88D1A /* Products */ = {
			isa = PBXGroup;
			children = (
				04A1B7EC2B9F1E0000C88D1A /* VieApp.app */,
			);
			name = Products;
			sourceTree = "<group>";
		};
		04A1B7EE2B9F1E0000C88D1A /* VieApp */ = {
			isa = PBXGroup;
			children = (
				27C064B02DA435F900CCA79B /* VieApp.entitlements */,
				04A1B7EF2B9F1E0000C88D1A /* VieApp.swift */,
				04A1B8002B9F1E5000C88D1A /* SplashScreen.swift */,
				04A1B8022B9F1E6000C88D1A /* WelcomeScreen.swift */,
				04A1B8042B9F1E7000C88D1A /* DashboardScreen.swift */,
				04A1B8062B9F1E8000C88D1A /* FinancialModel.swift */,
				04A1B8082B9F1E9000C88D1A /* AllViews.swift */,
				04A1B80A2B9F1EA000C88D1A /* AssetValueView.swift */,
				04A1B80C2B9F1EB000C88D1A /* HomeTabView.swift */,
				04A1B80E2B9F1EC000C88D1A /* ImportViews.swift */,
				04A1B8102B9F1ED000C88D1A /* ProjectionViews.swift */,
				04A1B8122B9F1EE000C88D1A /* RemainingViews.swift */,
				04A1B8142B9F1EF000C88D1A /* TabViews.swift */,
				04A1B8162B9F1F0000C88D1A /* Views.swift */,
				04A1B7F32B9F1E0100C88D1A /* Assets.xcassets */,
				04A1B7F52B9F1E0100C88D1A /* Preview Content */,
			);
			path = VieApp;
			sourceTree = "<group>";
		};
		04A1B7F52B9F1E0100C88D1A /* Preview Content */ = {
			isa = PBXGroup;
			children = (
				04A1B7F62B9F1E0100C88D1A /* Preview Assets.xcassets */,
			);
			path = "Preview Content";
			sourceTree = "<group>";
		};
/* End PBXGroup section */

/* Begin PBXNativeTarget section */
		04A1B7EB2B9F1E0000C88D1A /* VieApp */ = {
			isa = PBXNativeTarget;
			buildConfigurationList = 04A1B7FA2B9F1E0100C88D1A /* Build configuration list for PBXNativeTarget "VieApp" */;
			buildPhases = (
				04A1B7E82B9F1E0000C88D1A /* Sources */,
				04A1B7E92B9F1E0000C88D1A /* Frameworks */,
				04A1B7EA2B9F1E0000C88D1A /* Resources */,
			);
			buildRules = (
			);
			dependencies = (
			);
			name = VieApp;
			productName = VieApp;
			productReference = 04A1B7EC2B9F1E0000C88D1A /* VieApp.app */;
			productType = "com.apple.product-type.application";
		};
/* End PBXNativeTarget section */

/* Begin PBXProject section */
		04A1B7E42B9F1E0000C88D1A /* Project object */ = {
			isa = PBXProject;
			attributes = {
				BuildIndependentTargetsInParallel = 1;
				LastSwiftUpdateCheck = 1530;
				LastUpgradeCheck = 1530;
				TargetAttributes = {
					04A1B7EB2B9F1E0000C88D1A = {
						CreatedOnToolsVersion = 15.3;
					};
				};
			};
			buildConfigurationList = 04A1B7E72B9F1E0000C88D1A /* Build configuration list for PBXProject "VieApp" */;
			developmentRegion = en;
			hasScannedForEncodings = 0;
			knownRegions = (
				en,
				Base,
			);
			mainGroup = 04A1B7E32B9F1E0000C88D1A;
			preferredProjectObjectVersion = 77;
			productRefGroup = 04A1B7ED2B9F1E0000C88D1A /* Products */;
			projectDirPath = "";
			projectRoot = "";
			targets = (
				04A1B7EB2B9F1E0000C88D1A /* VieApp */,
			);
		};
/* End PBXProject section */

/* Begin PBXResourcesBuildPhase section */
		04A1B7EA2B9F1E0000C88D1A /* Resources */ = {
			isa = PBXResourcesBuildPhase;
			buildActionMask = 2147483647;
			files = (
				04A1B7F72B9F1E0100C88D1A /* Preview Assets.xcassets in Resources */,
				04A1B7F42B9F1E0100C88D1A /* Assets.xcassets in Resources */,
			);
			runOnlyForDeploymentPostprocessing = 0;
		};
/* End PBXResourcesBuildPhase section */

/* Begin PBXSourcesBuildPhase section */
		04A1B7E82B9F1E0000C88D1A /* Sources */ = {
			isa = PBXSourcesBuildPhase;
			buildActionMask = 2147483647;
			files = (
				04A1B8032B9F1E6000C88D1A /* WelcomeScreen.swift in Sources */,
				04A1B8012B9F1E5000C88D1A /* SplashScreen.swift in Sources */,
				04A1B8072B9F1E8000C88D1A /* FinancialModel.swift in Sources */,
				04A1B8052B9F1E7000C88D1A /* DashboardScreen.swift in Sources */,
				04A1B8092B9F1E9000C88D1A /* AllViews.swift in Sources */,
				04A1B80B2B9F1EA000C88D1A /* AssetValueView.swift in Sources */,
				04A1B80D2B9F1EB000C88D1A /* HomeTabView.swift in Sources */,
				04A1B80F2B9F1EC000C88D1A /* ImportViews.swift in Sources */,
				04A1B8112B9F1ED000C88D1A /* ProjectionViews.swift in Sources */,
				04A1B8132B9F1EE000C88D1A /* RemainingViews.swift in Sources */,
				04A1B8152B9F1EF000C88D1A /* TabViews.swift in Sources */,
				04A1B8172B9F1F0000C88D1A /* Views.swift in Sources */,
				04A1B7F02B9F1E0000C88D1A /* VieApp.swift in Sources */,
			);
			runOnlyForDeploymentPostprocessing = 0;
		};
/* End PBXSourcesBuildPhase section */

/* Begin XCBuildConfiguration section */
		04A1B7F82B9F1E0100C88D1A /* Debug */ = {
			isa = XCBuildConfiguration;
			buildSettings = {
				ALWAYS_SEARCH_USER_PATHS = NO;
				ASSETCATALOG_COMPILER_GENERATE_SWIFT_ASSET_SYMBOL_EXTENSIONS = YES;
				ASSETCATALOG_COMPILER_INCLUDE_ALL_APPICON_ASSETS = YES;
				CLANG_ANALYZER_NONNULL = YES;
				CLANG_ANALYZER_NUMBER_OBJECT_CONVERSION = YES_AGGRESSIVE;
				CLANG_CXX_LANGUAGE_STANDARD = "gnu++20";
				CLANG_ENABLE_MODULES = YES;
				CLANG_ENABLE_OBJC_ARC = YES;
				CLANG_ENABLE_OBJC_WEAK = YES;
				CLANG_WARN_BLOCK_CAPTURE_AUTORELEASING = YES;
				CLANG_WARN_BOOL_CONVERSION = YES;
				CLANG_WARN_COMMA = YES;
				CLANG_WARN_CONSTANT_CONVERSION = YES;
				CLANG_WARN_DEPRECATED_OBJC_IMPLEMENTATIONS = YES;
				CLANG_WARN_DIRECT_OBJC_ISA_USAGE = YES_ERROR;
				CLANG_WARN_DOCUMENTATION_COMMENTS = YES;
				CLANG_WARN_EMPTY_BODY = YES;
				CLANG_WARN_ENUM_CONVERSION = YES;
				CLANG_WARN_INFINITE_RECURSION = YES;
				CLANG_WARN_INT_CONVERSION = YES;
				CLANG_WARN_NON_LITERAL_NULL_CONVERSION = YES;
				CLANG_WARN_OBJC_IMPLICIT_RETAIN_SELF = YES;
				CLANG_WARN_OBJC_LITERAL_CONVERSION = YES;
				CLANG_WARN_OBJC_ROOT_CLASS = YES_ERROR;
				CLANG_WARN_QUOTED_INCLUDE_IN_FRAMEWORK_HEADER = YES;
				CLANG_WARN_RANGE_LOOP_ANALYSIS = YES;
				CLANG_WARN_STRICT_PROTOTYPES = YES;
				CLANG_WARN_SUSPICIOUS_MOVE = YES;
				CLANG_WARN_UNGUARDED_AVAILABILITY = YES_AGGRESSIVE;
				CLANG_WARN_UNREACHABLE_CODE = YES;
				CLANG_WARN__DUPLICATE_METHOD_MATCH = YES;
				COPY_PHASE_STRIP = NO;
				DEBUG_INFORMATION_FORMAT = dwarf;
				DEVELOPMENT_TEAM = RCPV4JYL9A;
				ENABLE_STRICT_OBJC_MSGSEND = YES;
				ENABLE_TESTABILITY = YES;
				ENABLE_USER_SCRIPT_SANDBOXING = YES;
				GCC_C_LANGUAGE_STANDARD = gnu17;
				GCC_DYNAMIC_NO_PIC = NO;
				GCC_NO_COMMON_BLOCKS = YES;
				GCC_OPTIMIZATION_LEVEL = 0;
				GCC_PREPROCESSOR_DEFINITIONS = (
					"DEBUG=1",
					"$(inherited)",
				);
				GCC_WARN_64_TO_32_BIT_CONVERSION = YES;
				GCC_WARN_ABOUT_RETURN_TYPE = YES_ERROR;
				GCC_WARN_UNDECLARED_SELECTOR = YES;
				GCC_WARN_UNINITIALIZED_AUTOS = YES_AGGRESSIVE;
				GCC_WARN_UNUSED_FUNCTION = YES;
				GCC_WARN_UNUSED_VARIABLE = YES;
				IPHONEOS_DEPLOYMENT_TARGET = 17.4;
				LOCALIZATION_PREFERS_STRING_CATALOGS = YES;
				MTL_ENABLE_DEBUG_INFO = INCLUDE_SOURCE;
				MTL_FAST_MATH = YES;
				ONLY_ACTIVE_ARCH = YES;
				SDKROOT = iphoneos;
				SWIFT_ACTIVE_COMPILATION_CONDITIONS = "DEBUG $(inherited)";
				SWIFT_OPTIMIZATION_LEVEL = "-Onone";
			};
			name = Debug;
		};
		04A1B7F92B9F1E0100C88D1A /* Release */ = {
			isa = XCBuildConfiguration;
			buildSettings = {
				ALWAYS_SEARCH_USER_PATHS = NO;
				ASSETCATALOG_COMPILER_GENERATE_SWIFT_ASSET_SYMBOL_EXTENSIONS = YES;
				ASSETCATALOG_COMPILER_INCLUDE_ALL_APPICON_ASSETS = YES;
				CLANG_ANALYZER_NONNULL = YES;
				CLANG_ANALYZER_NUMBER_OBJECT_CONVERSION = YES_AGGRESSIVE;
				CLANG_CXX_LANGUAGE_STANDARD = "gnu++20";
				CLANG_ENABLE_MODULES = YES;
				CLANG_ENABLE_OBJC_ARC = YES;
				CLANG_ENABLE_OBJC_WEAK = YES;
				CLANG_WARN_BLOCK_CAPTURE_AUTORELEASING = YES;
				CLANG_WARN_BOOL_CONVERSION = YES;
				CLANG_WARN_COMMA = YES;
				CLANG_WARN_CONSTANT_CONVERSION = YES;
				CLANG_WARN_DEPRECATED_OBJC_IMPLEMENTATIONS = YES;
				CLANG_WARN_DIRECT_OBJC_ISA_USAGE = YES_ERROR;
				CLANG_WARN_DOCUMENTATION_COMMENTS = YES;
				CLANG_WARN_EMPTY_BODY = YES;
				CLANG_WARN_ENUM_CONVERSION = YES;
				CLANG_WARN_INFINITE_RECURSION = YES;
				CLANG_WARN_INT_CONVERSION = YES;
				CLANG_WARN_NON_LITERAL_NULL_CONVERSION = YES;
				CLANG_WARN_OBJC_IMPLICIT_RETAIN_SELF = YES;
				CLANG_WARN_OBJC_LITERAL_CONVERSION = YES;
				CLANG_WARN_OBJC_ROOT_CLASS = YES_ERROR;
				CLANG_WARN_QUOTED_INCLUDE_IN_FRAMEWORK_HEADER = YES;
				CLANG_WARN_RANGE_LOOP_ANALYSIS = YES;
				CLANG_WARN_STRICT_PROTOTYPES = YES;
				CLANG_WARN_SUSPICIOUS_MOVE = YES;
				CLANG_WARN_UNGUARDED_AVAILABILITY = YES_AGGRESSIVE;
				CLANG_WARN_UNREACHABLE_CODE = YES;
				CLANG_WARN__DUPLICATE_METHOD_MATCH = YES;
				COPY_PHASE_STRIP = NO;
				DEBUG_INFORMATION_FORMAT = "dwarf-with-dsym";
				DEVELOPMENT_TEAM = RCPV4JYL9A;
				ENABLE_NS_ASSERTIONS = NO;
				ENABLE_STRICT_OBJC_MSGSEND = YES;
				ENABLE_USER_SCRIPT_SANDBOXING = YES;
				GCC_C_LANGUAGE_STANDARD = gnu17;
				GCC_NO_COMMON_BLOCKS = YES;
				GCC_WARN_64_TO_32_BIT_CONVERSION = YES;
				GCC_WARN_ABOUT_RETURN_TYPE = YES_ERROR;
				GCC_WARN_UNDECLARED_SELECTOR = YES;
				GCC_WARN_UNINITIALIZED_AUTOS = YES_AGGRESSIVE;
				GCC_WARN_UNUSED_FUNCTION = YES;
				GCC_WARN_UNUSED_VARIABLE = YES;
				IPHONEOS_DEPLOYMENT_TARGET = 17.4;
				LOCALIZATION_PREFERS_STRING_CATALOGS = YES;
				MTL_ENABLE_DEBUG_INFO = NO;
				MTL_FAST_MATH = YES;
				SDKROOT = iphoneos;
				SWIFT_COMPILATION_MODE = wholemodule;
				VALIDATE_PRODUCT = YES;
			};
			name = Release;
		};
		04A1B7FB2B9F1E0100C88D1A /* Debug */ = {
			isa = XCBuildConfiguration;
			buildSettings = {
				ASSETCATALOG_COMPILER_APPICON_NAME = AppIcon;
				ASSETCATALOG_COMPILER_GLOBAL_ACCENT_COLOR_NAME = AccentColor;
				CODE_SIGN_ENTITLEMENTS = VieApp/VieApp.entitlements;
				CODE_SIGN_STYLE = Automatic;
				CURRENT_PROJECT_VERSION = 1;
				DEVELOPMENT_ASSET_PATHS = "\"VieApp/Preview Content\"";
				DEVELOPMENT_TEAM = RCPV4JYL9A;
				ENABLE_PREVIEWS = YES;
				GENERATE_INFOPLIST_FILE = YES;
				INFOPLIST_KEY_CFBundleDisplayName = Vie;
				INFOPLIST_KEY_UIApplicationSceneManifest_Generation = YES;
				INFOPLIST_KEY_UIApplicationSupportsIndirectInputEvents = YES;
				INFOPLIST_KEY_UILaunchScreen_Generation = YES;
				INFOPLIST_KEY_UISupportedInterfaceOrientations_iPad = "UIInterfaceOrientationPortrait UIInterfaceOrientationPortraitUpsideDown UIInterfaceOrientationLandscapeLeft UIInterfaceOrientationLandscapeRight";
				INFOPLIST_KEY_UISupportedInterfaceOrientations_iPhone = "UIInterfaceOrientationPortrait UIInterfaceOrientationLandscapeLeft UIInterfaceOrientationLandscapeRight";
				LD_RUNPATH_SEARCH_PATHS = (
					"$(inherited)",
					"@executable_path/Frameworks",
				);
				MARKETING_VERSION = 1.0;
				PRODUCT_BUNDLE_IDENTIFIER = com.viedashboard.app;
				PRODUCT_NAME = "$(TARGET_NAME)";
				SWIFT_EMIT_LOC_STRINGS = YES;
				SWIFT_VERSION = 5.0;
				TARGETED_DEVICE_FAMILY = "1,2";
			};
			name = Debug;
		};
		04A1B7FC2B9F1E0100C88D1A /* Release */ = {
			isa = XCBuildConfiguration;
			buildSettings = {
				ASSETCATALOG_COMPILER_APPICON_NAME = AppIcon;
				ASSETCATALOG_COMPILER_GLOBAL_ACCENT_COLOR_NAME = AccentColor;
				CODE_SIGN_ENTITLEMENTS = VieApp/VieApp.entitlements;
				CODE_SIGN_STYLE = Automatic;
				CURRENT_PROJECT_VERSION = 1;
				DEVELOPMENT_ASSET_PATHS = "\"VieApp/Preview Content\"";
				DEVELOPMENT_TEAM = RCPV4JYL9A;
				ENABLE_PREVIEWS = YES;
				GENERATE_INFOPLIST_FILE = YES;
				INFOPLIST_KEY_CFBundleDisplayName = Vie;
				INFOPLIST_KEY_UIApplicationSceneManifest_Generation = YES;
				INFOPLIST_KEY_UIApplicationSupportsIndirectInputEvents = YES;
				INFOPLIST_KEY_UILaunchScreen_Generation = YES;
				INFOPLIST_KEY_UISupportedInterfaceOrientations_iPad = "UIInterfaceOrientationPortrait UIInterfaceOrientationPortraitUpsideDown UIInterfaceOrientationLandscapeLeft UIInterfaceOrientationLandscapeRight";
				INFOPLIST_KEY_UISupportedInterfaceOrientations_iPhone = "UIInterfaceOrientationPortrait UIInterfaceOrientationLandscapeLeft UIInterfaceOrientationLandscapeRight";
				LD_RUNPATH_SEARCH_PATHS = (
					"$(inherited)",
					"@executable_path/Frameworks",
				);
				MARKETING_VERSION = 1.0;
				PRODUCT_BUNDLE_IDENTIFIER = com.viedashboard.app;
				PRODUCT_NAME = "$(TARGET_NAME)";
				SWIFT_EMIT_LOC_STRINGS = YES;
				SWIFT_VERSION = 5.0;
				TARGETED_DEVICE_FAMILY = "1,2";
			};
			name = Release;
		};
/* End XCBuildConfiguration section */

/* Begin XCConfigurationList section */
		04A1B7E72B9F1E0000C88D1A /* Build configuration list for PBXProject "VieApp" */ = {
			isa = XCConfigurationList;
			buildConfigurations = (
				04A1B7F82B9F1E0100C88D1A /* Debug */,
				04A1B7F92B9F1E0100C88D1A /* Release */,
			);
			defaultConfigurationIsVisible = 0;
			defaultConfigurationName = Release;
		};
		04A1B7FA2B9F1E0100C88D1A /* Build configuration list for PBXNativeTarget "VieApp" */ = {
			isa = XCConfigurationList;
			buildConfigurations = (
				04A1B7FB2B9F1E0100C88D1A /* Debug */,
				04A1B7FC2B9F1E0100C88D1A /* Release */,
			);
			defaultConfigurationIsVisible = 0;
			defaultConfigurationName = Release;
		};
/* End XCConfigurationList section */
	};
	rootObject = 04A1B7E42B9F1E0000C88D1A /* Project object */;
}
